# generated by rye
# use `rye lock` or `rye sync` to update this lockfile
#
# last locked with the following flags:
#   pre: false
#   features: []
#   all-features: false
#   with-sources: false
#   generate-hashes: false
#   universal: false

-e file:.
accelerate==1.0.0
    # via nabla-vl
    # via peft
    # via trl
aiofiles==23.2.1
    # via gradio
aiohappyeyeballs==2.4.3
    # via aiohttp
aiohttp==3.11.13
    # via datasets
    # via fsspec
aiosignal==1.3.1
    # via aiohttp
altair==5.5.0
    # via streamlit
annotated-types==0.7.0
    # via pydantic
anyio==4.6.0
    # via gradio
    # via httpx
    # via jupyter-server
    # via starlette
appdirs==1.4.4
    # via wandb
argon2-cffi==23.1.0
    # via jupyter-server
argon2-cffi-bindings==21.2.0
    # via argon2-cffi
aria2==0.0.1b0
    # via nabla-vl
arrow==1.3.0
    # via isoduration
asttokens==2.4.1
    # via stack-data
async-lru==2.0.4
    # via jupyterlab
attrs==24.2.0
    # via aiohttp
    # via jsonschema
    # via referencing
babel==2.16.0
    # via jupyterlab-server
beautifulsoup4==4.12.3
    # via nbconvert
bitsandbytes==0.45.2
    # via nabla-vl
black==25.1.0
    # via nabla-vl
bleach==6.1.0
    # via kaggle
    # via nbconvert
blinker==1.9.0
    # via streamlit
build==1.2.2.post1
    # via nabla-vl
cachetools==5.5.0
    # via streamlit
certifi==2024.8.30
    # via httpcore
    # via httpx
    # via kaggle
    # via requests
    # via sentry-sdk
cffi==1.17.1
    # via argon2-cffi-bindings
chardet==5.2.0
    # via mbstrdecoder
charset-normalizer==3.4.0
    # via requests
click==8.1.8
    # via black
    # via nabla-vl
    # via streamlit
    # via typer
    # via uvicorn
    # via wandb
colorama==0.4.6
    # via sacrebleu
comm==0.2.2
    # via ipykernel
    # via ipywidgets
contourpy==1.3.0
    # via matplotlib
cycler==0.12.1
    # via matplotlib
dataproperty==1.0.1
    # via pytablewriter
    # via tabledata
datasets==2.18.0
    # via evaluate
    # via nabla-vl
    # via trl
debugpy==1.8.7
    # via ipykernel
decorator==5.1.1
    # via ipython
decord==0.6.0
    # via nabla-vl
deepspeed==0.15.1
    # via nabla-vl
defusedxml==0.7.1
    # via nbconvert
dill==0.3.8
    # via datasets
    # via evaluate
    # via multiprocess
docker-pycreds==0.4.0
    # via wandb
docstring-parser==0.16
    # via tyro
einops==0.8.0
    # via einops-exts
    # via nabla-vl
einops-exts==0.0.4
    # via nabla-vl
et-xmlfile==2.0.0
    # via openpyxl
evaluate==0.4.3
    # via nabla-vl
executing==2.1.0
    # via stack-data
fastapi==0.115.9
    # via gradio
    # via nabla-vl
fastjsonschema==2.20.0
    # via nbformat
ffmpy==0.4.0
    # via gradio
filelock==3.18.0
    # via datasets
    # via huggingface-hub
    # via torch
    # via transformers
flake8==7.1.1
    # via nabla-vl
fonttools==4.54.1
    # via matplotlib
fqdn==1.5.1
    # via jsonschema
frozenlist==1.4.1
    # via aiohttp
    # via aiosignal
fsspec==2024.2.0
    # via datasets
    # via evaluate
    # via gradio-client
    # via huggingface-hub
    # via torch
gitdb==4.0.11
    # via gitpython
gitpython==3.1.43
    # via streamlit
    # via wandb
gradio==4.44.1
    # via nabla-vl
gradio-client==1.3.0
    # via gradio
    # via nabla-vl
h11==0.14.0
    # via httpcore
    # via uvicorn
hf-transfer==0.1.8
    # via nabla-vl
hjson==3.1.0
    # via deepspeed
httpcore==1.0.6
    # via httpx
httpx==0.27.2
    # via gradio
    # via gradio-client
    # via jupyterlab
    # via nabla-vl
huggingface-hub==0.30.2
    # via accelerate
    # via datasets
    # via evaluate
    # via gradio
    # via gradio-client
    # via nabla-vl
    # via peft
    # via timm
    # via tokenizers
    # via transformers
idna==3.10
    # via anyio
    # via httpx
    # via jsonschema
    # via requests
    # via yarl
importlib-resources==6.4.5
    # via gradio
ipykernel==6.29.5
    # via jupyter
    # via jupyter-console
    # via jupyterlab
ipython==8.29.0
    # via ipykernel
    # via ipywidgets
    # via jupyter-console
ipywidgets==8.1.5
    # via jupyter
isoduration==20.11.0
    # via jsonschema
isort==6.0.0
    # via nabla-vl
jedi==0.19.1
    # via ipython
jinja2==3.1.6
    # via altair
    # via gradio
    # via jupyter-server
    # via jupyterlab
    # via jupyterlab-server
    # via nbconvert
    # via pydeck
    # via torch
joblib==1.4.2
    # via scikit-learn
json5==0.9.25
    # via jupyterlab-server
jsonpointer==3.0.0
    # via jsonschema
jsonschema==4.23.0
    # via altair
    # via jupyter-events
    # via jupyterlab-server
    # via nbformat
jsonschema-specifications==2024.10.1
    # via jsonschema
jupyter==1.1.1
    # via nabla-vl
jupyter-client==8.6.3
    # via ipykernel
    # via jupyter-console
    # via jupyter-server
    # via nbclient
jupyter-console==6.6.3
    # via jupyter
jupyter-core==5.7.2
    # via ipykernel
    # via jupyter-client
    # via jupyter-console
    # via jupyter-server
    # via jupyterlab
    # via nbclient
    # via nbconvert
    # via nbformat
jupyter-events==0.10.0
    # via jupyter-server
jupyter-lsp==2.2.5
    # via jupyterlab
jupyter-server==2.14.2
    # via jupyter-lsp
    # via jupyterlab
    # via jupyterlab-server
    # via notebook
    # via notebook-shim
jupyter-server-terminals==0.5.3
    # via jupyter-server
jupyterlab==4.2.5
    # via jupyter
    # via notebook
jupyterlab-pygments==0.3.0
    # via nbconvert
jupyterlab-server==2.27.3
    # via jupyterlab
    # via notebook
jupyterlab-widgets==3.0.13
    # via ipywidgets
kaggle==1.6.17
    # via nabla-vl
kiwisolver==1.4.7
    # via matplotlib
langdetect==1.0.9
    # via nabla-vl
latex2mathml==3.77.0
    # via markdown2
levenshtein==0.26.1
    # via nabla-vl
loguru==0.7.2
    # via nabla-vl
lxml==5.3.0
    # via sacrebleu
markdown-it-py==3.0.0
    # via rich
markdown2==2.5.0
    # via nabla-vl
markupsafe==2.1.5
    # via gradio
    # via jinja2
    # via nbconvert
matplotlib==3.9.2
    # via gradio
    # via pycocotools
matplotlib-inline==0.1.7
    # via ipykernel
    # via ipython
mbstrdecoder==1.1.3
    # via dataproperty
    # via pytablewriter
    # via typepy
mccabe==0.7.0
    # via flake8
mdurl==0.1.2
    # via markdown-it-py
mistune==3.0.2
    # via nbconvert
mpmath==1.3.0
    # via sympy
multidict==6.1.0
    # via aiohttp
    # via yarl
multiprocess==0.70.16
    # via datasets
    # via evaluate
mypy-extensions==1.0.0
    # via black
narwhals==1.15.2
    # via altair
nbclient==0.10.0
    # via nbconvert
nbconvert==7.16.4
    # via jupyter
    # via jupyter-server
nbformat==5.10.4
    # via jupyter-server
    # via nbclient
    # via nbconvert
nest-asyncio==1.6.0
    # via ipykernel
networkx==3.3
    # via torch
ninja==1.11.1.1
    # via deepspeed
notebook==7.2.2
    # via jupyter
notebook-shim==0.2.4
    # via jupyterlab
    # via notebook
numpy==1.26.4
    # via accelerate
    # via bitsandbytes
    # via contourpy
    # via datasets
    # via decord
    # via deepspeed
    # via evaluate
    # via gradio
    # via matplotlib
    # via nabla-vl
    # via opencv-python
    # via pandas
    # via peft
    # via pyarrow
    # via pycocotools
    # via pydeck
    # via sacrebleu
    # via scikit-learn
    # via scipy
    # via streamlit
    # via torchvision
    # via transformers
    # via trl
nvidia-cublas-cu12==12.4.5.8
    # via nvidia-cudnn-cu12
    # via nvidia-cusolver-cu12
    # via torch
nvidia-cuda-cupti-cu12==12.4.127
    # via torch
nvidia-cuda-nvrtc-cu12==12.4.127
    # via torch
nvidia-cuda-runtime-cu12==12.4.127
    # via torch
nvidia-cudnn-cu12==9.1.0.70
    # via torch
nvidia-cufft-cu12==11.2.1.3
    # via torch
nvidia-curand-cu12==10.3.5.147
    # via torch
nvidia-cusolver-cu12==11.6.1.9
    # via torch
nvidia-cusparse-cu12==12.3.1.170
    # via nvidia-cusolver-cu12
    # via torch
nvidia-cusparselt-cu12==0.6.2
    # via torch
nvidia-nccl-cu12==2.21.5
    # via torch
nvidia-nvjitlink-cu12==12.4.127
    # via nvidia-cusolver-cu12
    # via nvidia-cusparse-cu12
    # via torch
nvidia-nvtx-cu12==12.4.127
    # via torch
opencv-python==4.10.0.84
    # via nabla-vl
openpyxl==3.1.5
    # via nabla-vl
orjson==3.10.7
    # via gradio
overrides==7.7.0
    # via jupyter-server
packaging==24.1
    # via accelerate
    # via altair
    # via black
    # via build
    # via datasets
    # via deepspeed
    # via evaluate
    # via gradio
    # via gradio-client
    # via huggingface-hub
    # via ipykernel
    # via jupyter-server
    # via jupyterlab
    # via jupyterlab-server
    # via matplotlib
    # via nbconvert
    # via peft
    # via streamlit
    # via transformers
    # via typepy
pandas==2.2.3
    # via datasets
    # via evaluate
    # via gradio
    # via streamlit
pandocfilters==1.5.1
    # via nbconvert
parso==0.8.4
    # via jedi
pathspec==0.12.1
    # via black
pathvalidate==3.2.1
    # via pytablewriter
peft==0.13.1
    # via nabla-vl
pexpect==4.9.0
    # via ipython
pillow==10.4.0
    # via gradio
    # via matplotlib
    # via streamlit
    # via torchvision
pip==24.2
    # via nabla-vl
platformdirs==4.3.6
    # via black
    # via jupyter-core
portalocker==2.10.1
    # via sacrebleu
prometheus-client==0.21.0
    # via jupyter-server
prompt-toolkit==3.0.48
    # via ipython
    # via jupyter-console
propcache==0.2.0
    # via aiohttp
    # via yarl
protobuf==4.25.6
    # via streamlit
    # via wandb
psutil==6.0.0
    # via accelerate
    # via deepspeed
    # via ipykernel
    # via peft
    # via wandb
ptyprocess==0.7.0
    # via pexpect
    # via terminado
pure-eval==0.2.3
    # via stack-data
py-cpuinfo==9.0.0
    # via deepspeed
pyarrow==15.0.2
    # via datasets
    # via streamlit
pyarrow-hotfix==0.6
    # via datasets
pycocoevalcap==1.2
    # via nabla-vl
pycocotools==2.0.8
    # via pycocoevalcap
pycodestyle==2.12.1
    # via flake8
pycparser==2.22
    # via cffi
pydantic==2.9.2
    # via deepspeed
    # via fastapi
    # via gradio
    # via nabla-vl
pydantic-core==2.23.4
    # via pydantic
pydeck==0.9.1
    # via streamlit
pydub==0.25.1
    # via gradio
pyflakes==3.2.0
    # via flake8
pygments==2.18.0
    # via ipython
    # via jupyter-console
    # via markdown2
    # via nbconvert
    # via rich
pymupdf==1.25.5
    # via nabla-vl
pynvml==11.5.3
    # via nabla-vl
pyparsing==3.1.4
    # via matplotlib
pyproject-hooks==1.2.0
    # via build
pytablewriter==1.2.0
    # via nabla-vl
python-dateutil==2.9.0.post0
    # via arrow
    # via jupyter-client
    # via kaggle
    # via matplotlib
    # via pandas
    # via typepy
python-json-logger==2.0.7
    # via jupyter-events
python-multipart==0.0.18
    # via gradio
python-slugify==8.0.4
    # via kaggle
pytz==2024.2
    # via pandas
    # via typepy
pyyaml==6.0.2
    # via accelerate
    # via datasets
    # via gradio
    # via huggingface-hub
    # via jupyter-events
    # via peft
    # via timm
    # via transformers
    # via wandb
    # via wavedrom
pyzmq==26.2.0
    # via ipykernel
    # via jupyter-client
    # via jupyter-console
    # via jupyter-server
rapidfuzz==3.11.0
    # via levenshtein
referencing==0.35.1
    # via jsonschema
    # via jsonschema-specifications
    # via jupyter-events
regex==2024.9.11
    # via sacrebleu
    # via transformers
requests==2.32.3
    # via datasets
    # via evaluate
    # via huggingface-hub
    # via jupyterlab-server
    # via kaggle
    # via nabla-vl
    # via streamlit
    # via transformers
    # via wandb
rfc3339-validator==0.1.4
    # via jsonschema
    # via jupyter-events
rfc3986-validator==0.1.1
    # via jsonschema
    # via jupyter-events
rich==13.9.2
    # via streamlit
    # via typer
    # via tyro
rpds-py==0.20.0
    # via jsonschema
    # via referencing
ruff==0.6.9
    # via gradio
sacrebleu==2.4.3
    # via nabla-vl
safetensors==0.4.5
    # via accelerate
    # via peft
    # via timm
    # via transformers
schedulefree==1.4
    # via nabla-vl
scikit-learn==1.5.2
    # via nabla-vl
scipy==1.14.1
    # via scikit-learn
semantic-version==2.10.0
    # via gradio
send2trash==1.8.3
    # via jupyter-server
sentencepiece==0.2.0
    # via nabla-vl
sentry-sdk==2.16.0
    # via wandb
setproctitle==1.3.3
    # via wandb
setuptools==75.3.0
    # via jupyterlab
    # via nabla-vl
    # via pytablewriter
    # via torch
    # via wandb
shellingham==1.5.4
    # via typer
shortuuid==1.0.13
    # via nabla-vl
shtab==1.7.1
    # via tyro
six==1.16.0
    # via asttokens
    # via bleach
    # via docker-pycreds
    # via kaggle
    # via langdetect
    # via python-dateutil
    # via rfc3339-validator
    # via wavedrom
smmap==5.0.1
    # via gitdb
sniffio==1.3.1
    # via anyio
    # via httpx
soupsieve==2.6
    # via beautifulsoup4
sqlitedict==2.1.0
    # via nabla-vl
stack-data==0.6.3
    # via ipython
starlette==0.41.3
    # via fastapi
streamlit==1.40.2
    # via nabla-vl
svgwrite==1.4.3
    # via wavedrom
sympy==1.13.1
    # via torch
tabledata==1.3.3
    # via pytablewriter
tabulate==0.9.0
    # via sacrebleu
tcolorpy==0.1.6
    # via pytablewriter
tenacity==9.0.0
    # via nabla-vl
    # via streamlit
terminado==0.18.1
    # via jupyter-server
    # via jupyter-server-terminals
text-unidecode==1.3
    # via python-slugify
threadpoolctl==3.5.0
    # via scikit-learn
timm==1.0.9
    # via nabla-vl
tinycss2==1.4.0
    # via nbconvert
tokenizers==0.21.0
    # via nabla-vl
    # via transformers
toml==0.10.2
    # via streamlit
tomlkit==0.12.0
    # via gradio
torch==2.6.0
    # via accelerate
    # via bitsandbytes
    # via deepspeed
    # via peft
    # via timm
    # via torchvision
    # via trl
torchvision==0.21.0
    # via nabla-vl
    # via timm
tornado==6.4.1
    # via ipykernel
    # via jupyter-client
    # via jupyter-server
    # via jupyterlab
    # via notebook
    # via streamlit
    # via terminado
tqdm==4.66.6
    # via datasets
    # via deepspeed
    # via evaluate
    # via huggingface-hub
    # via kaggle
    # via nabla-vl
    # via peft
    # via transformers
traitlets==5.14.3
    # via comm
    # via ipykernel
    # via ipython
    # via ipywidgets
    # via jupyter-client
    # via jupyter-console
    # via jupyter-core
    # via jupyter-events
    # via jupyter-server
    # via jupyterlab
    # via matplotlib-inline
    # via nbclient
    # via nbconvert
    # via nbformat
transformers==4.51.0
    # via nabla-vl
    # via peft
    # via trl
triton==3.2.0
    # via torch
trl==0.11.2
    # via nabla-vl
typepy==1.3.2
    # via dataproperty
    # via pytablewriter
    # via tabledata
typer==0.12.5
    # via gradio
types-python-dateutil==2.9.0.20241003
    # via arrow
typing-extensions==4.12.2
    # via altair
    # via fastapi
    # via gradio
    # via gradio-client
    # via huggingface-hub
    # via pydantic
    # via pydantic-core
    # via streamlit
    # via torch
    # via typer
    # via tyro
tyro==0.8.11
    # via trl
tzdata==2024.2
    # via pandas
uri-template==1.3.0
    # via jsonschema
urllib3==2.2.3
    # via gradio
    # via kaggle
    # via requests
    # via sentry-sdk
uv==0.6.16
    # via nabla-vl
uvicorn==0.31.0
    # via gradio
    # via nabla-vl
wandb==0.16.6
    # via nabla-vl
watchdog==6.0.0
    # via streamlit
wavedrom==2.0.3.post3
    # via markdown2
wcwidth==0.2.13
    # via prompt-toolkit
webcolors==24.8.0
    # via jsonschema
webencodings==0.5.1
    # via bleach
    # via tinycss2
websocket-client==1.8.0
    # via jupyter-server
websockets==12.0
    # via gradio-client
widgetsnbextension==4.0.13
    # via ipywidgets
xxhash==3.5.0
    # via datasets
    # via evaluate
yarl==1.18.3
    # via aiohttp
